
Microsoft Visual Studio Solution File, Format Version 12.00
# Visual Studio Version 17
VisualStudioVersion = 17.3.32505.426
MinimumVisualStudioVersion = 10.0.40219.1
Project("{FAE04EC0-301F-11D3-BF4B-00C04F79EFBC}") = "DummyMemory", "DummyMemory\DummyMemory.csproj", "{1CEF0ADE-3FCB-43F3-A064-8476ADC01040}"
EndProject
Project("{FAE04EC0-301F-11D3-BF4B-00C04F79EFBC}") = "TesingApp", "TesingApp\TesingApp.csproj", "{E88D394A-E148-4A08-AAC8-432912E58492}"
EndProject
Global
	GlobalSection(SolutionConfigurationPlatforms) = preSolution
		Debug|Any CPU = Debug|Any CPU
		Debug|ARM64 = Debug|ARM64
		Debug|x64 = Debug|x64
		Debug|x86 = Debug|x86
		Release|Any CPU = Release|Any CPU
		Release|ARM64 = Release|ARM64
		Release|x64 = Release|x64
		Release|x86 = Release|x86
	EndGlobalSection
	GlobalSection(ProjectConfigurationPlatforms) = postSolution
		{1CEF0ADE-3FCB-43F3-A064-8476ADC01040}.Debug|Any CPU.ActiveCfg = Debug|Any CPU
		{1CEF0ADE-3FCB-43F3-A064-8476ADC01040}.Debug|Any CPU.Build.0 = Debug|Any CPU
		{1CEF0ADE-3FCB-43F3-A064-8476ADC01040}.Debug|ARM64.ActiveCfg = Debug|ARM64
		{1CEF0ADE-3FCB-43F3-A064-8476ADC01040}.Debug|ARM64.Build.0 = Debug|ARM64
		{1CEF0ADE-3FCB-43F3-A064-8476ADC01040}.Debug|x64.ActiveCfg = Debug|x64
		{1CEF0ADE-3FCB-43F3-A064-8476ADC01040}.Debug|x64.Build.0 = Debug|x64
		{1CEF0ADE-3FCB-43F3-A064-8476ADC01040}.Debug|x86.ActiveCfg = Debug|x86
		{1CEF0ADE-3FCB-43F3-A064-8476ADC01040}.Debug|x86.Build.0 = Debug|x86
		{1CEF0ADE-3FCB-43F3-A064-8476ADC01040}.Release|Any CPU.ActiveCfg = Release|Any CPU
		{1CEF0ADE-3FCB-43F3-A064-8476ADC01040}.Release|Any CPU.Build.0 = Release|Any CPU
		{1CEF0ADE-3FCB-43F3-A064-8476ADC01040}.Release|ARM64.ActiveCfg = Release|ARM64
		{1CEF0ADE-3FCB-43F3-A064-8476ADC01040}.Release|ARM64.Build.0 = Release|ARM64
		{1CEF0ADE-3FCB-43F3-A064-8476ADC01040}.Release|x64.ActiveCfg = Release|x64
		{1CEF0ADE-3FCB-43F3-A064-8476ADC01040}.Release|x64.Build.0 = Release|x64
		{1CEF0ADE-3FCB-43F3-A064-8476ADC01040}.Release|x86.ActiveCfg = Release|x86
		{1CEF0ADE-3FCB-43F3-A064-8476ADC01040}.Release|x86.Build.0 = Release|x86
		{E88D394A-E148-4A08-AAC8-432912E58492}.Debug|Any CPU.ActiveCfg = Debug|Any CPU
		{E88D394A-E148-4A08-AAC8-432912E58492}.Debug|Any CPU.Build.0 = Debug|Any CPU
		{E88D394A-E148-4A08-AAC8-432912E58492}.Debug|ARM64.ActiveCfg = Debug|ARM64
		{E88D394A-E148-4A08-AAC8-432912E58492}.Debug|ARM64.Build.0 = Debug|ARM64
		{E88D394A-E148-4A08-AAC8-432912E58492}.Debug|x64.ActiveCfg = Debug|Any CPU
		{E88D394A-E148-4A08-AAC8-432912E58492}.Debug|x64.Build.0 = Debug|Any CPU
		{E88D394A-E148-4A08-AAC8-432912E58492}.Debug|x86.ActiveCfg = Debug|x86
		{E88D394A-E148-4A08-AAC8-432912E58492}.Debug|x86.Build.0 = Debug|x86
		{E88D394A-E148-4A08-AAC8-432912E58492}.Release|Any CPU.ActiveCfg = Release|Any CPU
		{E88D394A-E148-4A08-AAC8-432912E58492}.Release|Any CPU.Build.0 = Release|Any CPU
		{E88D394A-E148-4A08-AAC8-432912E58492}.Release|ARM64.ActiveCfg = Release|ARM64
		{E88D394A-E148-4A08-AAC8-432912E58492}.Release|ARM64.Build.0 = Release|ARM64
		{E88D394A-E148-4A08-AAC8-432912E58492}.Release|x64.ActiveCfg = Release|Any CPU
		{E88D394A-E148-4A08-AAC8-432912E58492}.Release|x64.Build.0 = Release|Any CPU
		{E88D394A-E148-4A08-AAC8-432912E58492}.Release|x86.ActiveCfg = Release|Any CPU
		{E88D394A-E148-4A08-AAC8-432912E58492}.Release|x86.Build.0 = Release|Any CPU
	EndGlobalSection
	GlobalSection(SolutionProperties) = preSolution
		HideSolutionNode = FALSE
	EndGlobalSection
	GlobalSection(ExtensibilityGlobals) = postSolution
		SolutionGuid = {98EA2B5F-6BDF-4093-89FE-78E93110BEDD}
	EndGlobalSection
EndGlobal
